
Microsoft Visual Studio Solution File, Format Version 12.00
# Visual Studio Version 17
VisualStudioVersion = 17.2.32602.215
MinimumVisualStudioVersion = 10.0.40219.1
Project("{FAE04EC0-301F-11D3-BF4B-00C04F79EFBC}") = "VowelConsonant", "VowelConsonant.csproj", "{9CC0232D-9207-47A8-9108-6DEDB1C14296}"
EndProject
Global
	GlobalSection(SolutionConfigurationPlatforms) = preSolution
		Debug|Any CPU = Debug|Any CPU
		Release|Any CPU = Release|Any CPU
	EndGlobalSection
	GlobalSection(ProjectConfigurationPlatforms) = postSolution
		{9CC0232D-9207-47A8-9108-6DEDB1C14296}.Debug|Any CPU.ActiveCfg = Debug|Any CPU
		{9CC0232D-9207-47A8-9108-6DEDB1C14296}.Debug|Any CPU.Build.0 = Debug|Any CPU
		{9CC0232D-9207-47A8-9108-6DEDB1C14296}.Release|Any CPU.ActiveCfg = Release|Any CPU
		{9CC0232D-9207-47A8-9108-6DEDB1C14296}.Release|Any CPU.Build.0 = Release|Any CPU
	EndGlobalSection
	GlobalSection(SolutionProperties) = preSolution
		HideSolutionNode = FALSE
	EndGlobalSection
	GlobalSection(ExtensibilityGlobals) = postSolution
		SolutionGuid = {1C92FF25-F848-4EB1-B8DC-27B1BFC6DB7B}
	EndGlobalSection
EndGlobal
